 {
  "nodes": {
    "easystroke": {
      "flake": false,
      "locked": {
        "lastModified": 1620667870,
        "narHash": "sha256-CYt/9eypLACe8YLb5zFbdRkaXjOL5SxvnW6SsJyauGc=",
        "owner": "teu5us",
        "repo": "easystroke-nix",
        "rev": "96b9b4b49488baf510927be3a1b3f0dd31755141",
        "type": "github"
      },
      "original": {
        "owner": "teu5us",
        "repo": "easystroke-nix",
        "type": "github"
      }
    },
    "nixpkgs": {
      "locked": {
        "lastModified": 1633422542,
        "narHash": "sha256-JYz2PmVogNRO8DhcvXzL/QhZzboTspJz2YSRlnAj8aM=",
        "owner": "NixOS",
        "repo": "nixpkgs",
        "rev": "aff647e2704fa1223994604887bb78276dc57083",
        "type": "github"
      },
      "original": {
        "owner": "NixOS",
        "ref": "nixos-21.05",
        "repo": "nixpkgs",
        "type": "github"
      }
    },
    "nixpkgs-master": {
      "locked": {
        "lastModified": 1633503453,
        "narHash": "sha256-gCaC7tfuK0ZVdrpNueTzKl8b1jzoGmAQcXb4lHkMzgc=",
        "owner": "NixOS",
        "repo": "nixpkgs",
        "rev": "66b6bd0072143f955ab983222b54a8cc626f1651",
        "type": "github"
      },
      "original": {
        "owner": "NixOS",
        "ref": "master",
        "repo": "nixpkgs",
        "type": "github"
      }
    },
    "nixpkgs-unstable": {
      "locked": {
        "lastModified": 1633351077,
        "narHash": "sha256-z38JG4Bb0GtM1aF1pANVdp1dniMP23Yb3HnRoJRy2uU=",
        "owner": "NixOS",
        "repo": "nixpkgs",
        "rev": "14aef06d9b3ad1d07626bdbb16083b83f92dc6c1",
        "type": "github"
      },
      "original": {
        "owner": "NixOS",
        "ref": "nixos-unstable",
        "repo": "nixpkgs",
        "type": "github"
      }
    },
    "root": {
      "inputs": {
        "easystroke": "easystroke",
        "nixpkgs": "nixpkgs",
        "nixpkgs-master": "nixpkgs-master",
        "nixpkgs-unstable": "nixpkgs-unstable"
      }
    }
  },
  "root": "root",
  "version": 7
}
